
Microsoft Visual Studio Solution File, Format Version 12.00
# Visual Studio Version 17
VisualStudioVersion = 17.3.32901.215
MinimumVisualStudioVersion = 10.0.40219.1
Project("{FAE04EC0-301F-11D3-BF4B-00C04F79EFBC}") = "Korsun", "Korsun\Korsun.csproj", "{63DA8CB7-0254-42C2-A746-CCF29C796F50}"
EndProject
Global
	GlobalSection(SolutionConfigurationPlatforms) = preSolution
		Debug|Any CPU = Debug|Any CPU
		Release|Any CPU = Release|Any CPU
	EndGlobalSection
	GlobalSection(ProjectConfigurationPlatforms) = postSolution
		{63DA8CB7-0254-42C2-A746-CCF29C796F50}.Debug|Any CPU.ActiveCfg = Debug|Any CPU
		{63DA8CB7-0254-42C2-A746-CCF29C796F50}.Debug|Any CPU.Build.0 = Debug|Any CPU
		{63DA8CB7-0254-42C2-A746-CCF29C796F50}.Release|Any CPU.ActiveCfg = Release|Any CPU
		{63DA8CB7-0254-42C2-A746-CCF29C796F50}.Release|Any CPU.Build.0 = Release|Any CPU
	EndGlobalSection
	GlobalSection(SolutionProperties) = preSolution
		HideSolutionNode = FALSE
	EndGlobalSection
	GlobalSection(ExtensibilityGlobals) = postSolution
		SolutionGuid = {45BA211F-8206-4BDE-89F6-AACE3ACC2D43}
	EndGlobalSection
EndGlobal
